
Microsoft Visual Studio Solution File, Format Version 12.00
# Visual Studio Version 17
VisualStudioVersion = 17.0.31903.59
MinimumVisualStudioVersion = 10.0.40219.1
Project("{FAE04EC0-301F-11D3-BF4B-00C04F79EFBC}") = "Api", "Api\Api.csproj", "{988BC562-745C-4688-90C8-824FDF78B7BE}"
EndProject
Project("{FAE04EC0-301F-11D3-BF4B-00C04F79EFBC}") = "Application", "Application\Application.csproj", "{3887C227-42D9-49E2-9FB1-F21F7593BA2D}"
EndProject
Project("{FAE04EC0-301F-11D3-BF4B-00C04F79EFBC}") = "Domain", "Domain\Domain.csproj", "{FC67DF19-5F63-4A1F-9E8F-E553A4D9EB18}"
EndProject
Project("{FAE04EC0-301F-11D3-BF4B-00C04F79EFBC}") = "Infrastructure", "Infrastructure\Infrastructure.csproj", "{CD16F180-1E65-4B16-882C-C1FA145626DB}"
EndProject
Global
	GlobalSection(SolutionConfigurationPlatforms) = preSolution
		Debug|Any CPU = Debug|Any CPU
		Debug|x64 = Debug|x64
		Debug|x86 = Debug|x86
		Release|Any CPU = Release|Any CPU
		Release|x64 = Release|x64
		Release|x86 = Release|x86
	EndGlobalSection
	GlobalSection(ProjectConfigurationPlatforms) = postSolution
		{988BC562-745C-4688-90C8-824FDF78B7BE}.Debug|Any CPU.ActiveCfg = Debug|Any CPU
		{988BC562-745C-4688-90C8-824FDF78B7BE}.Debug|Any CPU.Build.0 = Debug|Any CPU
		{988BC562-745C-4688-90C8-824FDF78B7BE}.Debug|x64.ActiveCfg = Debug|Any CPU
		{988BC562-745C-4688-90C8-824FDF78B7BE}.Debug|x64.Build.0 = Debug|Any CPU
		{988BC562-745C-4688-90C8-824FDF78B7BE}.Debug|x86.ActiveCfg = Debug|Any CPU
		{988BC562-745C-4688-90C8-824FDF78B7BE}.Debug|x86.Build.0 = Debug|Any CPU
		{988BC562-745C-4688-90C8-824FDF78B7BE}.Release|Any CPU.ActiveCfg = Release|Any CPU
		{988BC562-745C-4688-90C8-824FDF78B7BE}.Release|Any CPU.Build.0 = Release|Any CPU
		{988BC562-745C-4688-90C8-824FDF78B7BE}.Release|x64.ActiveCfg = Release|Any CPU
		{988BC562-745C-4688-90C8-824FDF78B7BE}.Release|x64.Build.0 = Release|Any CPU
		{988BC562-745C-4688-90C8-824FDF78B7BE}.Release|x86.ActiveCfg = Release|Any CPU
		{988BC562-745C-4688-90C8-824FDF78B7BE}.Release|x86.Build.0 = Release|Any CPU
		{3887C227-42D9-49E2-9FB1-F21F7593BA2D}.Debug|Any CPU.ActiveCfg = Debug|Any CPU
		{3887C227-42D9-49E2-9FB1-F21F7593BA2D}.Debug|Any CPU.Build.0 = Debug|Any CPU
		{3887C227-42D9-49E2-9FB1-F21F7593BA2D}.Debug|x64.ActiveCfg = Debug|Any CPU
		{3887C227-42D9-49E2-9FB1-F21F7593BA2D}.Debug|x64.Build.0 = Debug|Any CPU
		{3887C227-42D9-49E2-9FB1-F21F7593BA2D}.Debug|x86.ActiveCfg = Debug|Any CPU
		{3887C227-42D9-49E2-9FB1-F21F7593BA2D}.Debug|x86.Build.0 = Debug|Any CPU
		{3887C227-42D9-49E2-9FB1-F21F7593BA2D}.Release|Any CPU.ActiveCfg = Release|Any CPU
		{3887C227-42D9-49E2-9FB1-F21F7593BA2D}.Release|Any CPU.Build.0 = Release|Any CPU
		{3887C227-42D9-49E2-9FB1-F21F7593BA2D}.Release|x64.ActiveCfg = Release|Any CPU
		{3887C227-42D9-49E2-9FB1-F21F7593BA2D}.Release|x64.Build.0 = Release|Any CPU
		{3887C227-42D9-49E2-9FB1-F21F7593BA2D}.Release|x86.ActiveCfg = Release|Any CPU
		{3887C227-42D9-49E2-9FB1-F21F7593BA2D}.Release|x86.Build.0 = Release|Any CPU
		{FC67DF19-5F63-4A1F-9E8F-E553A4D9EB18}.Debug|Any CPU.ActiveCfg = Debug|Any CPU
		{FC67DF19-5F63-4A1F-9E8F-E553A4D9EB18}.Debug|Any CPU.Build.0 = Debug|Any CPU
		{FC67DF19-5F63-4A1F-9E8F-E553A4D9EB18}.Debug|x64.ActiveCfg = Debug|Any CPU
		{FC67DF19-5F63-4A1F-9E8F-E553A4D9EB18}.Debug|x64.Build.0 = Debug|Any CPU
		{FC67DF19-5F63-4A1F-9E8F-E553A4D9EB18}.Debug|x86.ActiveCfg = Debug|Any CPU
		{FC67DF19-5F63-4A1F-9E8F-E553A4D9EB18}.Debug|x86.Build.0 = Debug|Any CPU
		{FC67DF19-5F63-4A1F-9E8F-E553A4D9EB18}.Release|Any CPU.ActiveCfg = Release|Any CPU
		{FC67DF19-5F63-4A1F-9E8F-E553A4D9EB18}.Release|Any CPU.Build.0 = Release|Any CPU
		{FC67DF19-5F63-4A1F-9E8F-E553A4D9EB18}.Release|x64.ActiveCfg = Release|Any CPU
		{FC67DF19-5F63-4A1F-9E8F-E553A4D9EB18}.Release|x64.Build.0 = Release|Any CPU
		{FC67DF19-5F63-4A1F-9E8F-E553A4D9EB18}.Release|x86.ActiveCfg = Release|Any CPU
		{FC67DF19-5F63-4A1F-9E8F-E553A4D9EB18}.Release|x86.Build.0 = Release|Any CPU
		{CD16F180-1E65-4B16-882C-C1FA145626DB}.Debug|Any CPU.ActiveCfg = Debug|Any CPU
		{CD16F180-1E65-4B16-882C-C1FA145626DB}.Debug|Any CPU.Build.0 = Debug|Any CPU
		{CD16F180-1E65-4B16-882C-C1FA145626DB}.Debug|x64.ActiveCfg = Debug|Any CPU
		{CD16F180-1E65-4B16-882C-C1FA145626DB}.Debug|x64.Build.0 = Debug|Any CPU
		{CD16F180-1E65-4B16-882C-C1FA145626DB}.Debug|x86.ActiveCfg = Debug|Any CPU
		{CD16F180-1E65-4B16-882C-C1FA145626DB}.Debug|x86.Build.0 = Debug|Any CPU
		{CD16F180-1E65-4B16-882C-C1FA145626DB}.Release|Any CPU.ActiveCfg = Release|Any CPU
		{CD16F180-1E65-4B16-882C-C1FA145626DB}.Release|Any CPU.Build.0 = Release|Any CPU
		{CD16F180-1E65-4B16-882C-C1FA145626DB}.Release|x64.ActiveCfg = Release|Any CPU
		{CD16F180-1E65-4B16-882C-C1FA145626DB}.Release|x64.Build.0 = Release|Any CPU
		{CD16F180-1E65-4B16-882C-C1FA145626DB}.Release|x86.ActiveCfg = Release|Any CPU
		{CD16F180-1E65-4B16-882C-C1FA145626DB}.Release|x86.Build.0 = Release|Any CPU
	EndGlobalSection
	GlobalSection(SolutionProperties) = preSolution
		HideSolutionNode = FALSE
	EndGlobalSection
EndGlobal
